
Microsoft Visual Studio Solution File, Format Version 12.00
# Visual Studio Version 16
VisualStudioVersion = 16.0.32428.217
MinimumVisualStudioVersion = 10.0.40219.1
Project("{FAE04EC0-301F-11D3-BF4B-00C04F79EFBC}") = "Convert_Num_2_String", "Convert_Num_2_String.csproj", "{70E54B99-70E2-464F-852F-60F91EB6014B}"
EndProject
Global
	GlobalSection(SolutionConfigurationPlatforms) = preSolution
		Debug|Any CPU = Debug|Any CPU
		Release|Any CPU = Release|Any CPU
	EndGlobalSection
	GlobalSection(ProjectConfigurationPlatforms) = postSolution
		{70E54B99-70E2-464F-852F-60F91EB6014B}.Debug|Any CPU.ActiveCfg = Debug|Any CPU
		{70E54B99-70E2-464F-852F-60F91EB6014B}.Debug|Any CPU.Build.0 = Debug|Any CPU
		{70E54B99-70E2-464F-852F-60F91EB6014B}.Release|Any CPU.ActiveCfg = Release|Any CPU
		{70E54B99-70E2-464F-852F-60F91EB6014B}.Release|Any CPU.Build.0 = Release|Any CPU
	EndGlobalSection
	GlobalSection(SolutionProperties) = preSolution
		HideSolutionNode = FALSE
	EndGlobalSection
	GlobalSection(ExtensibilityGlobals) = postSolution
		SolutionGuid = {7FB5C0A5-20CC-4ED4-88AC-674667997B4B}
	EndGlobalSection
EndGlobal
