
Microsoft Visual Studio Solution File, Format Version 12.00
# Visual Studio Version 17
VisualStudioVersion = 17.2.32630.192
MinimumVisualStudioVersion = 10.0.40219.1
Project("{FAE04EC0-301F-11D3-BF4B-00C04F79EFBC}") = "Array_2D_Sum", "Array_2D_Sum\Array_2D_Sum.csproj", "{B03339CC-4A3B-44AA-9353-C064B1E0A05B}"
EndProject
Global
	GlobalSection(SolutionConfigurationPlatforms) = preSolution
		Debug|Any CPU = Debug|Any CPU
		Release|Any CPU = Release|Any CPU
	EndGlobalSection
	GlobalSection(ProjectConfigurationPlatforms) = postSolution
		{B03339CC-4A3B-44AA-9353-C064B1E0A05B}.Debug|Any CPU.ActiveCfg = Debug|Any CPU
		{B03339CC-4A3B-44AA-9353-C064B1E0A05B}.Debug|Any CPU.Build.0 = Debug|Any CPU
		{B03339CC-4A3B-44AA-9353-C064B1E0A05B}.Release|Any CPU.ActiveCfg = Release|Any CPU
		{B03339CC-4A3B-44AA-9353-C064B1E0A05B}.Release|Any CPU.Build.0 = Release|Any CPU
	EndGlobalSection
	GlobalSection(SolutionProperties) = preSolution
		HideSolutionNode = FALSE
	EndGlobalSection
	GlobalSection(ExtensibilityGlobals) = postSolution
		SolutionGuid = {76B54280-B9CE-4E50-97D4-74EC58BFF29B}
	EndGlobalSection
EndGlobal
