
Microsoft Visual Studio Solution File, Format Version 12.00
# Visual Studio Version 17
VisualStudioVersion = 17.2.32630.192
MinimumVisualStudioVersion = 10.0.40219.1
Project("{FAE04EC0-301F-11D3-BF4B-00C04F79EFBC}") = "Pattern_Program", "Pattern_Program\Pattern_Program.csproj", "{1C8B014A-CE2A-4CDC-B975-84472EE9CBF3}"
EndProject
Global
	GlobalSection(SolutionConfigurationPlatforms) = preSolution
		Debug|Any CPU = Debug|Any CPU
		Release|Any CPU = Release|Any CPU
	EndGlobalSection
	GlobalSection(ProjectConfigurationPlatforms) = postSolution
		{1C8B014A-CE2A-4CDC-B975-84472EE9CBF3}.Debug|Any CPU.ActiveCfg = Debug|Any CPU
		{1C8B014A-CE2A-4CDC-B975-84472EE9CBF3}.Debug|Any CPU.Build.0 = Debug|Any CPU
		{1C8B014A-CE2A-4CDC-B975-84472EE9CBF3}.Release|Any CPU.ActiveCfg = Release|Any CPU
		{1C8B014A-CE2A-4CDC-B975-84472EE9CBF3}.Release|Any CPU.Build.0 = Release|Any CPU
	EndGlobalSection
	GlobalSection(SolutionProperties) = preSolution
		HideSolutionNode = FALSE
	EndGlobalSection
	GlobalSection(ExtensibilityGlobals) = postSolution
		SolutionGuid = {20B635B6-674D-4CAB-AE43-11EC3C9C5A9E}
	EndGlobalSection
EndGlobal
