
Microsoft Visual Studio Solution File, Format Version 12.00
# Visual Studio Version 17
VisualStudioVersion = 17.2.32630.192
MinimumVisualStudioVersion = 10.0.40219.1
Project("{FAE04EC0-301F-11D3-BF4B-00C04F79EFBC}") = "CountPrimeArray", "CountPrimeArray\CountPrimeArray.csproj", "{6C48DC1F-4C8A-4981-A9E7-94905C237D7D}"
EndProject
Global
	GlobalSection(SolutionConfigurationPlatforms) = preSolution
		Debug|Any CPU = Debug|Any CPU
		Release|Any CPU = Release|Any CPU
	EndGlobalSection
	GlobalSection(ProjectConfigurationPlatforms) = postSolution
		{6C48DC1F-4C8A-4981-A9E7-94905C237D7D}.Debug|Any CPU.ActiveCfg = Debug|Any CPU
		{6C48DC1F-4C8A-4981-A9E7-94905C237D7D}.Debug|Any CPU.Build.0 = Debug|Any CPU
		{6C48DC1F-4C8A-4981-A9E7-94905C237D7D}.Release|Any CPU.ActiveCfg = Release|Any CPU
		{6C48DC1F-4C8A-4981-A9E7-94905C237D7D}.Release|Any CPU.Build.0 = Release|Any CPU
	EndGlobalSection
	GlobalSection(SolutionProperties) = preSolution
		HideSolutionNode = FALSE
	EndGlobalSection
	GlobalSection(ExtensibilityGlobals) = postSolution
		SolutionGuid = {CD827F0F-8DE9-419D-B34D-BB2E34CED0F9}
	EndGlobalSection
EndGlobal
